// !$*UTF8*$!
{
	archiveVersion = 1;
	classes = {
	};
	objectVersion = 56;
	objects = {

/* Begin PBXBuildFile section */
		370907492B516F3F0033ABE7 /* AppDelegate.swift in Sources */ = {isa = PBXBuildFile; fileRef = 370907482B516F3F0033ABE7 /* AppDelegate.swift */; };
		3709074B2B516F3F0033ABE7 /* SceneDelegate.swift in Sources */ = {isa = PBXBuildFile; fileRef = 3709074A2B516F3F0033ABE7 /* SceneDelegate.swift */; };
		3709074D2B516F3F0033ABE7 /* ViewController.swift in Sources */ = {isa = PBXBuildFile; fileRef = 3709074C2B516F3F0033ABE7 /* ViewController.swift */; };
		370907532B516F3F0033ABE7 /* CoreDataApp.xcdatamodeld in Sources */ = {isa = PBXBuildFile; fileRef = 370907512B516F3F0033ABE7 /* CoreDataApp.xcdatamodeld */; };
		370907552B516F410033ABE7 /* Assets.xcassets in Resources */ = {isa = PBXBuildFile; fileRef = 370907542B516F410033ABE7 /* Assets.xcassets */; };
		370907582B516F410033ABE7 /* LaunchScreen.storyboard in Resources */ = {isa = PBXBuildFile; fileRef = 370907562B516F410033ABE7 /* LaunchScreen.storyboard */; };
		3709076C2B5407520033ABE7 /* MainPageView.swift in Sources */ = {isa = PBXBuildFile; fileRef = 3709076B2B5407520033ABE7 /* MainPageView.swift */; };
		370907722B540AC10033ABE7 /* SnapKit in Frameworks */ = {isa = PBXBuildFile; productRef = 370907712B540AC10033ABE7 /* SnapKit */; };
		370907742B540AC10033ABE7 /* SnapKit-Dynamic in Frameworks */ = {isa = PBXBuildFile; productRef = 370907732B540AC10033ABE7 /* SnapKit-Dynamic */; };
		370907762B540D120033ABE7 /* TableViewCell.swift in Sources */ = {isa = PBXBuildFile; fileRef = 370907752B540D120033ABE7 /* TableViewCell.swift */; };
		370907792B5424800033ABE7 /* UserView.swift in Sources */ = {isa = PBXBuildFile; fileRef = 370907782B5424800033ABE7 /* UserView.swift */; };
		3709077B2B54368A0033ABE7 /* UserController.swift in Sources */ = {isa = PBXBuildFile; fileRef = 3709077A2B54368A0033ABE7 /* UserController.swift */; };
		3709077E2B5513D80033ABE7 /* Person+CoreDataClass.swift in Sources */ = {isa = PBXBuildFile; fileRef = 3709077C2B5513D80033ABE7 /* Person+CoreDataClass.swift */; };
		3709077F2B5513D80033ABE7 /* Person+CoreDataProperties.swift in Sources */ = {isa = PBXBuildFile; fileRef = 3709077D2B5513D80033ABE7 /* Person+CoreDataProperties.swift */; };
		370907812B55164E0033ABE7 /* CoreDataManager.swift in Sources */ = {isa = PBXBuildFile; fileRef = 370907802B55164E0033ABE7 /* CoreDataManager.swift */; };
/* End PBXBuildFile section */

/* Begin PBXFileReference section */
		370907452B516F3F0033ABE7 /* CoreDataApp.app */ = {isa = PBXFileReference; explicitFileType = wrapper.application; includeInIndex = 0; path = CoreDataApp.app; sourceTree = BUILT_PRODUCTS_DIR; };
		370907482B516F3F0033ABE7 /* AppDelegate.swift */ = {isa = PBXFileReference; lastKnownFileType = sourcecode.swift; path = AppDelegate.swift; sourceTree = "<group>"; };
		3709074A2B516F3F0033ABE7 /* SceneDelegate.swift */ = {isa = PBXFileReference; lastKnownFileType = sourcecode.swift; path = SceneDelegate.swift; sourceTree = "<group>"; };
		3709074C2B516F3F0033ABE7 /* ViewController.swift */ = {isa = PBXFileReference; lastKnownFileType = sourcecode.swift; path = ViewController.swift; sourceTree = "<group>"; };
		370907522B516F3F0033ABE7 /* CoreDataApp.xcdatamodel */ = {isa = PBXFileReference; lastKnownFileType = wrapper.xcdatamodel; path = CoreDataApp.xcdatamodel; sourceTree = "<group>"; };
		370907542B516F410033ABE7 /* Assets.xcassets */ = {isa = PBXFileReference; lastKnownFileType = folder.assetcatalog; path = Assets.xcassets; sourceTree = "<group>"; };
		370907572B516F410033ABE7 /* Base */ = {isa = PBXFileReference; lastKnownFileType = file.storyboard; name = Base; path = Base.lproj/LaunchScreen.storyboard; sourceTree = "<group>"; };
		370907592B516F410033ABE7 /* Info.plist */ = {isa = PBXFileReference; lastKnownFileType = text.plist.xml; path = Info.plist; sourceTree = "<group>"; };
		3709076B2B5407520033ABE7 /* MainPageView.swift */ = {isa = PBXFileReference; lastKnownFileType = sourcecode.swift; path = MainPageView.swift; sourceTree = "<group>"; };
		370907752B540D120033ABE7 /* TableViewCell.swift */ = {isa = PBXFileReference; lastKnownFileType = sourcecode.swift; path = TableViewCell.swift; sourceTree = "<group>"; };
		370907782B5424800033ABE7 /* UserView.swift */ = {isa = PBXFileReference; lastKnownFileType = sourcecode.swift; path = UserView.swift; sourceTree = "<group>"; };
		3709077A2B54368A0033ABE7 /* UserController.swift */ = {isa = PBXFileReference; lastKnownFileType = sourcecode.swift; path = UserController.swift; sourceTree = "<group>"; };
		3709077C2B5513D80033ABE7 /* Person+CoreDataClass.swift */ = {isa = PBXFileReference; lastKnownFileType = sourcecode.swift; path = "Person+CoreDataClass.swift"; sourceTree = "<group>"; };
		3709077D2B5513D80033ABE7 /* Person+CoreDataProperties.swift */ = {isa = PBXFileReference; lastKnownFileType = sourcecode.swift; path = "Person+CoreDataProperties.swift"; sourceTree = "<group>"; };
		370907802B55164E0033ABE7 /* CoreDataManager.swift */ = {isa = PBXFileReference; lastKnownFileType = sourcecode.swift; path = CoreDataManager.swift; sourceTree = "<group>"; };
/* End PBXFileReference section */

/* Begin PBXFrameworksBuildPhase section */
		370907422B516F3F0033ABE7 /* Frameworks */ = {
			isa = PBXFrameworksBuildPhase;
			buildActionMask = 2147483647;
			files = (
				370907722B540AC10033ABE7 /* SnapKit in Frameworks */,
				370907742B540AC10033ABE7 /* SnapKit-Dynamic in Frameworks */,
			);
			runOnlyForDeploymentPostprocessing = 0;
		};
/* End PBXFrameworksBuildPhase section */

/* Begin PBXGroup section */
		3709073C2B516F3F0033ABE7 = {
			isa = PBXGroup;
			children = (
				370907472B516F3F0033ABE7 /* CoreDataApp */,
				370907462B516F3F0033ABE7 /* Products */,
			);
			sourceTree = "<group>";
		};
		370907462B516F3F0033ABE7 /* Products */ = {
			isa = PBXGroup;
			children = (
				370907452B516F3F0033ABE7 /* CoreDataApp.app */,
			);
			name = Products;
			sourceTree = "<group>";
		};
		370907472B516F3F0033ABE7 /* CoreDataApp */ = {
			isa = PBXGroup;
			children = (
				370907652B5172D70033ABE7 /* Resources */,
				370907642B5172CA0033ABE7 /* App */,
				3709075F2B5172460033ABE7 /* Sources */,
				370907512B516F3F0033ABE7 /* CoreDataApp.xcdatamodeld */,
			);
			path = CoreDataApp;
			sourceTree = "<group>";
		};
		3709075F2B5172460033ABE7 /* Sources */ = {
			isa = PBXGroup;
			children = (
				370907682B5406E10033ABE7 /* Modul */,
				370907692B5406F10033ABE7 /* View */,
				3709076A2B5406F70033ABE7 /* Controller */,
				370907802B55164E0033ABE7 /* CoreDataManager.swift */,
			);
			path = Sources;
			sourceTree = "<group>";
		};
		370907642B5172CA0033ABE7 /* App */ = {
			isa = PBXGroup;
			children = (
				370907482B516F3F0033ABE7 /* AppDelegate.swift */,
				3709074A2B516F3F0033ABE7 /* SceneDelegate.swift */,
			);
			path = App;
			sourceTree = "<group>";
		};
		370907652B5172D70033ABE7 /* Resources */ = {
			isa = PBXGroup;
			children = (
				370907542B516F410033ABE7 /* Assets.xcassets */,
				370907562B516F410033ABE7 /* LaunchScreen.storyboard */,
				370907592B516F410033ABE7 /* Info.plist */,
			);
			path = Resources;
			sourceTree = "<group>";
		};
		370907682B5406E10033ABE7 /* Modul */ = {
			isa = PBXGroup;
			children = (
				3709077C2B5513D80033ABE7 /* Person+CoreDataClass.swift */,
				3709077D2B5513D80033ABE7 /* Person+CoreDataProperties.swift */,
			);
			path = Modul;
			sourceTree = "<group>";
		};
		370907692B5406F10033ABE7 /* View */ = {
			isa = PBXGroup;
			children = (
				3709076D2B5408D10033ABE7 /* MainView */,
				370907772B5424550033ABE7 /* UserView */,
			);
			path = View;
			sourceTree = "<group>";
		};
		3709076A2B5406F70033ABE7 /* Controller */ = {
			isa = PBXGroup;
			children = (
				3709074C2B516F3F0033ABE7 /* ViewController.swift */,
				3709077A2B54368A0033ABE7 /* UserController.swift */,
			);
			path = Controller;
			sourceTree = "<group>";
		};
		3709076D2B5408D10033ABE7 /* MainView */ = {
			isa = PBXGroup;
			children = (
				3709076B2B5407520033ABE7 /* MainPageView.swift */,
				370907752B540D120033ABE7 /* TableViewCell.swift */,
			);
			path = MainView;
			sourceTree = "<group>";
		};
		370907772B5424550033ABE7 /* UserView */ = {
			isa = PBXGroup;
			children = (
				370907782B5424800033ABE7 /* UserView.swift */,
			);
			path = UserView;
			sourceTree = "<group>";
		};
/* End PBXGroup section */

/* Begin PBXNativeTarget section */
		370907442B516F3F0033ABE7 /* CoreDataApp */ = {
			isa = PBXNativeTarget;
			buildConfigurationList = 3709075C2B516F410033ABE7 /* Build configuration list for PBXNativeTarget "CoreDataApp" */;
			buildPhases = (
				370907412B516F3F0033ABE7 /* Sources */,
				370907422B516F3F0033ABE7 /* Frameworks */,
				370907432B516F3F0033ABE7 /* Resources */,
			);
			buildRules = (
			);
			dependencies = (
			);
			name = CoreDataApp;
			packageProductDependencies = (
				370907712B540AC10033ABE7 /* SnapKit */,
				370907732B540AC10033ABE7 /* SnapKit-Dynamic */,
			);
			productName = CoreDataApp;
			productReference = 370907452B516F3F0033ABE7 /* CoreDataApp.app */;
			productType = "com.apple.product-type.application";
		};
/* End PBXNativeTarget section */

/* Begin PBXProject section */
		3709073D2B516F3F0033ABE7 /* Project object */ = {
			isa = PBXProject;
			attributes = {
				BuildIndependentTargetsInParallel = 1;
				LastSwiftUpdateCheck = 1500;
				LastUpgradeCheck = 1500;
				TargetAttributes = {
					370907442B516F3F0033ABE7 = {
						CreatedOnToolsVersion = 15.0.1;
					};
				};
			};
			buildConfigurationList = 370907402B516F3F0033ABE7 /* Build configuration list for PBXProject "CoreDataApp" */;
			compatibilityVersion = "Xcode 14.0";
			developmentRegion = en;
			hasScannedForEncodings = 0;
			knownRegions = (
				en,
				Base,
			);
			mainGroup = 3709073C2B516F3F0033ABE7;
			packageReferences = (
				370907702B540AC10033ABE7 /* XCRemoteSwiftPackageReference "SnapKit" */,
			);
			productRefGroup = 370907462B516F3F0033ABE7 /* Products */;
			projectDirPath = "";
			projectRoot = "";
			targets = (
				370907442B516F3F0033ABE7 /* CoreDataApp */,
			);
		};
/* End PBXProject section */

/* Begin PBXResourcesBuildPhase section */
		370907432B516F3F0033ABE7 /* Resources */ = {
			isa = PBXResourcesBuildPhase;
			buildActionMask = 2147483647;
			files = (
				370907582B516F410033ABE7 /* LaunchScreen.storyboard in Resources */,
				370907552B516F410033ABE7 /* Assets.xcassets in Resources */,
			);
			runOnlyForDeploymentPostprocessing = 0;
		};
/* End PBXResourcesBuildPhase section */

/* Begin PBXSourcesBuildPhase section */
		370907412B516F3F0033ABE7 /* Sources */ = {
			isa = PBXSourcesBuildPhase;
			buildActionMask = 2147483647;
			files = (
				3709077B2B54368A0033ABE7 /* UserController.swift in Sources */,
				3709077E2B5513D80033ABE7 /* Person+CoreDataClass.swift in Sources */,
				370907792B5424800033ABE7 /* UserView.swift in Sources */,
				370907532B516F3F0033ABE7 /* CoreDataApp.xcdatamodeld in Sources */,
				3709076C2B5407520033ABE7 /* MainPageView.swift in Sources */,
				370907812B55164E0033ABE7 /* CoreDataManager.swift in Sources */,
				3709074D2B516F3F0033ABE7 /* ViewController.swift in Sources */,
				370907492B516F3F0033ABE7 /* AppDelegate.swift in Sources */,
				370907762B540D120033ABE7 /* TableViewCell.swift in Sources */,
				3709074B2B516F3F0033ABE7 /* SceneDelegate.swift in Sources */,
				3709077F2B5513D80033ABE7 /* Person+CoreDataProperties.swift in Sources */,
			);
			runOnlyForDeploymentPostprocessing = 0;
		};
/* End PBXSourcesBuildPhase section */

/* Begin PBXVariantGroup section */
		370907562B516F410033ABE7 /* LaunchScreen.storyboard */ = {
			isa = PBXVariantGroup;
			children = (
				370907572B516F410033ABE7 /* Base */,
			);
			name = LaunchScreen.storyboard;
			sourceTree = "<group>";
		};
/* End PBXVariantGroup section */

/* Begin XCBuildConfiguration section */
		3709075A2B516F410033ABE7 /* Debug */ = {
			isa = XCBuildConfiguration;
			buildSettings = {
				ALWAYS_SEARCH_USER_PATHS = NO;
				ASSETCATALOG_COMPILER_GENERATE_SWIFT_ASSET_SYMBOL_EXTENSIONS = YES;
				CLANG_ANALYZER_NONNULL = YES;
				CLANG_ANALYZER_NUMBER_OBJECT_CONVERSION = YES_AGGRESSIVE;
				CLANG_CXX_LANGUAGE_STANDARD = "gnu++20";
				CLANG_ENABLE_MODULES = YES;
				CLANG_ENABLE_OBJC_ARC = YES;
				CLANG_ENABLE_OBJC_WEAK = YES;
				CLANG_WARN_BLOCK_CAPTURE_AUTORELEASING = YES;
				CLANG_WARN_BOOL_CONVERSION = YES;
				CLANG_WARN_COMMA = YES;
				CLANG_WARN_CONSTANT_CONVERSION = YES;
				CLANG_WARN_DEPRECATED_OBJC_IMPLEMENTATIONS = YES;
				CLANG_WARN_DIRECT_OBJC_ISA_USAGE = YES_ERROR;
				CLANG_WARN_DOCUMENTATION_COMMENTS = YES;
				CLANG_WARN_EMPTY_BODY = YES;
				CLANG_WARN_ENUM_CONVERSION = YES;
				CLANG_WARN_INFINITE_RECURSION = YES;
				CLANG_WARN_INT_CONVERSION = YES;
				CLANG_WARN_NON_LITERAL_NULL_CONVERSION = YES;
				CLANG_WARN_OBJC_IMPLICIT_RETAIN_SELF = YES;
				CLANG_WARN_OBJC_LITERAL_CONVERSION = YES;
				CLANG_WARN_OBJC_ROOT_CLASS = YES_ERROR;
				CLANG_WARN_QUOTED_INCLUDE_IN_FRAMEWORK_HEADER = YES;
				CLANG_WARN_RANGE_LOOP_ANALYSIS = YES;
				CLANG_WARN_STRICT_PROTOTYPES = YES;
				CLANG_WARN_SUSPICIOUS_MOVE = YES;
				CLANG_WARN_UNGUARDED_AVAILABILITY = YES_AGGRESSIVE;
				CLANG_WARN_UNREACHABLE_CODE = YES;
				CLANG_WARN__DUPLICATE_METHOD_MATCH = YES;
				COPY_PHASE_STRIP = NO;
				DEBUG_INFORMATION_FORMAT = dwarf;
				ENABLE_STRICT_OBJC_MSGSEND = YES;
				ENABLE_TESTABILITY = YES;
				ENABLE_USER_SCRIPT_SANDBOXING = YES;
				GCC_C_LANGUAGE_STANDARD = gnu17;
				GCC_DYNAMIC_NO_PIC = NO;
				GCC_NO_COMMON_BLOCKS = YES;
				GCC_OPTIMIZATION_LEVEL = 0;
				GCC_PREPROCESSOR_DEFINITIONS = (
					"DEBUG=1",
					"$(inherited)",
				);
				GCC_WARN_64_TO_32_BIT_CONVERSION = YES;
				GCC_WARN_ABOUT_RETURN_TYPE = YES_ERROR;
				GCC_WARN_UNDECLARED_SELECTOR = YES;
				GCC_WARN_UNINITIALIZED_AUTOS = YES_AGGRESSIVE;
				GCC_WARN_UNUSED_FUNCTION = YES;
				GCC_WARN_UNUSED_VARIABLE = YES;
				IPHONEOS_DEPLOYMENT_TARGET = 17.0;
				LOCALIZATION_PREFERS_STRING_CATALOGS = YES;
				MTL_ENABLE_DEBUG_INFO = INCLUDE_SOURCE;
				MTL_FAST_MATH = YES;
				ONLY_ACTIVE_ARCH = YES;
				SDKROOT = iphoneos;
				SWIFT_ACTIVE_COMPILATION_CONDITIONS = "DEBUG $(inherited)";
				SWIFT_OPTIMIZATION_LEVEL = "-Onone";
			};
			name = Debug;
		};
		3709075B2B516F410033ABE7 /* Release */ = {
			isa = XCBuildConfiguration;
			buildSettings = {
				ALWAYS_SEARCH_USER_PATHS = NO;
				ASSETCATALOG_COMPILER_GENERATE_SWIFT_ASSET_SYMBOL_EXTENSIONS = YES;
				CLANG_ANALYZER_NONNULL = YES;
				CLANG_ANALYZER_NUMBER_OBJECT_CONVERSION = YES_AGGRESSIVE;
				CLANG_CXX_LANGUAGE_STANDARD = "gnu++20";
				CLANG_ENABLE_MODULES = YES;
				CLANG_ENABLE_OBJC_ARC = YES;
				CLANG_ENABLE_OBJC_WEAK = YES;
				CLANG_WARN_BLOCK_CAPTURE_AUTORELEASING = YES;
				CLANG_WARN_BOOL_CONVERSION = YES;
				CLANG_WARN_COMMA = YES;
				CLANG_WARN_CONSTANT_CONVERSION = YES;
				CLANG_WARN_DEPRECATED_OBJC_IMPLEMENTATIONS = YES;
				CLANG_WARN_DIRECT_OBJC_ISA_USAGE = YES_ERROR;
				CLANG_WARN_DOCUMENTATION_COMMENTS = YES;
				CLANG_WARN_EMPTY_BODY = YES;
				CLANG_WARN_ENUM_CONVERSION = YES;
				CLANG_WARN_INFINITE_RECURSION = YES;
				CLANG_WARN_INT_CONVERSION = YES;
				CLANG_WARN_NON_LITERAL_NULL_CONVERSION = YES;
				CLANG_WARN_OBJC_IMPLICIT_RETAIN_SELF = YES;
				CLANG_WARN_OBJC_LITERAL_CONVERSION = YES;
				CLANG_WARN_OBJC_ROOT_CLASS = YES_ERROR;
				CLANG_WARN_QUOTED_INCLUDE_IN_FRAMEWORK_HEADER = YES;
				CLANG_WARN_RANGE_LOOP_ANALYSIS = YES;
				CLANG_WARN_STRICT_PROTOTYPES = YES;
				CLANG_WARN_SUSPICIOUS_MOVE = YES;
				CLANG_WARN_UNGUARDED_AVAILABILITY = YES_AGGRESSIVE;
				CLANG_WARN_UNREACHABLE_CODE = YES;
				CLANG_WARN__DUPLICATE_METHOD_MATCH = YES;
				COPY_PHASE_STRIP = NO;
				DEBUG_INFORMATION_FORMAT = "dwarf-with-dsym";
				ENABLE_NS_ASSERTIONS = NO;
				ENABLE_STRICT_OBJC_MSGSEND = YES;
				ENABLE_USER_SCRIPT_SANDBOXING = YES;
				GCC_C_LANGUAGE_STANDARD = gnu17;
				GCC_NO_COMMON_BLOCKS = YES;
				GCC_WARN_64_TO_32_BIT_CONVERSION = YES;
				GCC_WARN_ABOUT_RETURN_TYPE = YES_ERROR;
				GCC_WARN_UNDECLARED_SELECTOR = YES;
				GCC_WARN_UNINITIALIZED_AUTOS = YES_AGGRESSIVE;
				GCC_WARN_UNUSED_FUNCTION = YES;
				GCC_WARN_UNUSED_VARIABLE = YES;
				IPHONEOS_DEPLOYMENT_TARGET = 17.0;
				LOCALIZATION_PREFERS_STRING_CATALOGS = YES;
				MTL_ENABLE_DEBUG_INFO = NO;
				MTL_FAST_MATH = YES;
				SDKROOT = iphoneos;
				SWIFT_COMPILATION_MODE = wholemodule;
				VALIDATE_PRODUCT = YES;
			};
			name = Release;
		};
		3709075D2B516F410033ABE7 /* Debug */ = {
			isa = XCBuildConfiguration;
			buildSettings = {
				ASSETCATALOG_COMPILER_APPICON_NAME = AppIcon;
				ASSETCATALOG_COMPILER_GLOBAL_ACCENT_COLOR_NAME = AccentColor;
				CODE_SIGN_STYLE = Automatic;
				CURRENT_PROJECT_VERSION = 1;
				DEVELOPMENT_TEAM = YT7499CZXL;
				GENERATE_INFOPLIST_FILE = YES;
				INFOPLIST_FILE = CoreDataApp/Resources/Info.plist;
				INFOPLIST_KEY_UIApplicationSupportsIndirectInputEvents = YES;
				INFOPLIST_KEY_UILaunchStoryboardName = LaunchScreen;
				INFOPLIST_KEY_UIMainStoryboardFile = "";
				INFOPLIST_KEY_UISupportedInterfaceOrientations_iPad = "UIInterfaceOrientationPortrait UIInterfaceOrientationPortraitUpsideDown UIInterfaceOrientationLandscapeLeft UIInterfaceOrientationLandscapeRight";
				INFOPLIST_KEY_UISupportedInterfaceOrientations_iPhone = "UIInterfaceOrientationPortrait UIInterfaceOrientationLandscapeLeft UIInterfaceOrientationLandscapeRight";
				LD_RUNPATH_SEARCH_PATHS = (
					"$(inherited)",
					"@executable_path/Frameworks",
				);
				MARKETING_VERSION = 1.0;
				PRODUCT_BUNDLE_IDENTIFIER = nurka.CoreDataApp;
				PRODUCT_NAME = "$(TARGET_NAME)";
				SWIFT_EMIT_LOC_STRINGS = YES;
				SWIFT_VERSION = 5.0;
				TARGETED_DEVICE_FAMILY = "1,2";
			};
			name = Debug;
		};
		3709075E2B516F410033ABE7 /* Release */ = {
			isa = XCBuildConfiguration;
			buildSettings = {
				ASSETCATALOG_COMPILER_APPICON_NAME = AppIcon;
				ASSETCATALOG_COMPILER_GLOBAL_ACCENT_COLOR_NAME = AccentColor;
				CODE_SIGN_STYLE = Automatic;
				CURRENT_PROJECT_VERSION = 1;
				DEVELOPMENT_TEAM = YT7499CZXL;
				GENERATE_INFOPLIST_FILE = YES;
				INFOPLIST_FILE = CoreDataApp/Resources/Info.plist;
				INFOPLIST_KEY_UIApplicationSupportsIndirectInputEvents = YES;
				INFOPLIST_KEY_UILaunchStoryboardName = LaunchScreen;
				INFOPLIST_KEY_UIMainStoryboardFile = "";
				INFOPLIST_KEY_UISupportedInterfaceOrientations_iPad = "UIInterfaceOrientationPortrait UIInterfaceOrientationPortraitUpsideDown UIInterfaceOrientationLandscapeLeft UIInterfaceOrientationLandscapeRight";
				INFOPLIST_KEY_UISupportedInterfaceOrientations_iPhone = "UIInterfaceOrientationPortrait UIInterfaceOrientationLandscapeLeft UIInterfaceOrientationLandscapeRight";
				LD_RUNPATH_SEARCH_PATHS = (
					"$(inherited)",
					"@executable_path/Frameworks",
				);
				MARKETING_VERSION = 1.0;
				PRODUCT_BUNDLE_IDENTIFIER = nurka.CoreDataApp;
				PRODUCT_NAME = "$(TARGET_NAME)";
				SWIFT_EMIT_LOC_STRINGS = YES;
				SWIFT_VERSION = 5.0;
				TARGETED_DEVICE_FAMILY = "1,2";
			};
			name = Release;
		};
/* End XCBuildConfiguration section */

/* Begin XCConfigurationList section */
		370907402B516F3F0033ABE7 /* Build configuration list for PBXProject "CoreDataApp" */ = {
			isa = XCConfigurationList;
			buildConfigurations = (
				3709075A2B516F410033ABE7 /* Debug */,
				3709075B2B516F410033ABE7 /* Release */,
			);
			defaultConfigurationIsVisible = 0;
			defaultConfigurationName = Release;
		};
		3709075C2B516F410033ABE7 /* Build configuration list for PBXNativeTarget "CoreDataApp" */ = {
			isa = XCConfigurationList;
			buildConfigurations = (
				3709075D2B516F410033ABE7 /* Debug */,
				3709075E2B516F410033ABE7 /* Release */,
			);
			defaultConfigurationIsVisible = 0;
			defaultConfigurationName = Release;
		};
/* End XCConfigurationList section */

/* Begin XCRemoteSwiftPackageReference section */
		370907702B540AC10033ABE7 /* XCRemoteSwiftPackageReference "SnapKit" */ = {
			isa = XCRemoteSwiftPackageReference;
			repositoryURL = "https://github.com/SnapKit/SnapKit.git";
			requirement = {
				kind = upToNextMajorVersion;
				minimumVersion = 5.7.0;
			};
		};
/* End XCRemoteSwiftPackageReference section */

/* Begin XCSwiftPackageProductDependency section */
		370907712B540AC10033ABE7 /* SnapKit */ = {
			isa = XCSwiftPackageProductDependency;
			package = 370907702B540AC10033ABE7 /* XCRemoteSwiftPackageReference "SnapKit" */;
			productName = SnapKit;
		};
		370907732B540AC10033ABE7 /* SnapKit-Dynamic */ = {
			isa = XCSwiftPackageProductDependency;
			package = 370907702B540AC10033ABE7 /* XCRemoteSwiftPackageReference "SnapKit" */;
			productName = "SnapKit-Dynamic";
		};
/* End XCSwiftPackageProductDependency section */

/* Begin XCVersionGroup section */
		370907512B516F3F0033ABE7 /* CoreDataApp.xcdatamodeld */ = {
			isa = XCVersionGroup;
			children = (
				370907522B516F3F0033ABE7 /* CoreDataApp.xcdatamodel */,
			);
			currentVersion = 370907522B516F3F0033ABE7 /* CoreDataApp.xcdatamodel */;
			path = CoreDataApp.xcdatamodeld;
			sourceTree = "<group>";
			versionGroupType = wrapper.xcdatamodel;
		};
/* End XCVersionGroup section */
	};
	rootObject = 3709073D2B516F3F0033ABE7 /* Project object */;
}
